
Microsoft Visual Studio Solution File, Format Version 12.00
# Visual Studio Version 16
VisualStudioVersion = 16.0.31025.194
MinimumVisualStudioVersion = 10.0.40219.1
Project("{FAE04EC0-301F-11D3-BF4B-00C04F79EFBC}") = "CompositionsExercice", "CompositionsExercice\CompositionsExercice.csproj", "{598D299C-7786-465F-90B9-500DC5EB5444}"
EndProject
Global
	GlobalSection(SolutionConfigurationPlatforms) = preSolution
		Debug|Any CPU = Debug|Any CPU
		Release|Any CPU = Release|Any CPU
	EndGlobalSection
	GlobalSection(ProjectConfigurationPlatforms) = postSolution
		{598D299C-7786-465F-90B9-500DC5EB5444}.Debug|Any CPU.ActiveCfg = Debug|Any CPU
		{598D299C-7786-465F-90B9-500DC5EB5444}.Debug|Any CPU.Build.0 = Debug|Any CPU
		{598D299C-7786-465F-90B9-500DC5EB5444}.Release|Any CPU.ActiveCfg = Release|Any CPU
		{598D299C-7786-465F-90B9-500DC5EB5444}.Release|Any CPU.Build.0 = Release|Any CPU
	EndGlobalSection
	GlobalSection(SolutionProperties) = preSolution
		HideSolutionNode = FALSE
	EndGlobalSection
	GlobalSection(ExtensibilityGlobals) = postSolution
		SolutionGuid = {A55E67C6-C81E-40C0-8CE8-AAA8CB0D2207}
	EndGlobalSection
EndGlobal
